github.com/DC-Ops/gshep v1.0.0 h1:ZqGicyXmVFScTKrkgLuUpVawsPDr/t60IhzQo/NHAH8=
github.com/DC-Ops/gshep v1.0.0/go.mod h1:91yH3pXqH47aXP412vVdOO2njjPgC+e6o/DV+KcS2AA=
github.com/DC-Ops/puppy v1.2.1 h1:uZl59ZF+7qgkZHnSSoWZ9l9TIrXG6koYpquJJncvctM=
github.com/DC-Ops/puppy v1.2.1/go.mod h1:HQN1UthfvdCwwYREj1EnX2hSzlSHCkpFTtBrNwtPC34=
